
Microsoft Visual Studio Solution File, Format Version 12.00
# Visual Studio Version 17
VisualStudioVersion = 17.13.35806.99 d17.13
MinimumVisualStudioVersion = 10.0.40219.1
Project("{FAE04EC0-301F-11D3-BF4B-00C04F79EFBC}") = "KursISP21", "KursISP21\KursISP21.csproj", "{0271A54E-DF63-4A97-BCA2-2011B42B807C}"
EndProject
Global
	GlobalSection(SolutionConfigurationPlatforms) = preSolution
		Debug|Any CPU = Debug|Any CPU
		Release|Any CPU = Release|Any CPU
	EndGlobalSection
	GlobalSection(ProjectConfigurationPlatforms) = postSolution
		{0271A54E-DF63-4A97-BCA2-2011B42B807C}.Debug|Any CPU.ActiveCfg = Debug|Any CPU
		{0271A54E-DF63-4A97-BCA2-2011B42B807C}.Debug|Any CPU.Build.0 = Debug|Any CPU
		{0271A54E-DF63-4A97-BCA2-2011B42B807C}.Release|Any CPU.ActiveCfg = Release|Any CPU
		{0271A54E-DF63-4A97-BCA2-2011B42B807C}.Release|Any CPU.Build.0 = Release|Any CPU
	EndGlobalSection
	GlobalSection(SolutionProperties) = preSolution
		HideSolutionNode = FALSE
	EndGlobalSection
	GlobalSection(ExtensibilityGlobals) = postSolution
		SolutionGuid = {AAADA1EF-80E7-454C-8E8E-6F20EE684C18}
	EndGlobalSection
EndGlobal
